
Microsoft Visual Studio Solution File, Format Version 12.00
# Visual Studio 15
VisualStudioVersion = 15.0.26430.12
MinimumVisualStudioVersion = 10.0.40219.1
Project("{FAE04EC0-301F-11D3-BF4B-00C04F79EFBC}") = "GettingStarted", "GettingStarted.csproj", "{E3637C28-1ED8-480B-A67F-F6F38144A83E}"
EndProject
Project("{FAE04EC0-301F-11D3-BF4B-00C04F79EFBC}") = "FindTheLargest", "FindTheLargest\FindTheLargest.csproj", "{AC83A8FD-C4D4-450C-A326-63389D7D6378}"
EndProject
Project("{FAE04EC0-301F-11D3-BF4B-00C04F79EFBC}") = "GradeMatch", "GradeMatch\GradeMatch.csproj", "{4C916CE2-11C9-43B2-88F2-D0E69AAFBCFC}"
EndProject
Project("{FAE04EC0-301F-11D3-BF4B-00C04F79EFBC}") = "CorrectPassowrd", "CorrectPassowrd\CorrectPassowrd.csproj", "{519241F9-0D8B-44AE-AC87-C595860F85CA}"
EndProject
Project("{FAE04EC0-301F-11D3-BF4B-00C04F79EFBC}") = "SimpleCalculator1", "..\SimpleCalculator1\SimpleCalculator1.csproj", "{E4351110-64FC-4447-9370-2D967C5C77D3}"
EndProject
Global
	GlobalSection(SolutionConfigurationPlatforms) = preSolution
		Debug|Any CPU = Debug|Any CPU
		Release|Any CPU = Release|Any CPU
	EndGlobalSection
	GlobalSection(ProjectConfigurationPlatforms) = postSolution
		{E3637C28-1ED8-480B-A67F-F6F38144A83E}.Debug|Any CPU.ActiveCfg = Debug|Any CPU
		{E3637C28-1ED8-480B-A67F-F6F38144A83E}.Debug|Any CPU.Build.0 = Debug|Any CPU
		{E3637C28-1ED8-480B-A67F-F6F38144A83E}.Release|Any CPU.ActiveCfg = Release|Any CPU
		{E3637C28-1ED8-480B-A67F-F6F38144A83E}.Release|Any CPU.Build.0 = Release|Any CPU
		{AC83A8FD-C4D4-450C-A326-63389D7D6378}.Debug|Any CPU.ActiveCfg = Debug|Any CPU
		{AC83A8FD-C4D4-450C-A326-63389D7D6378}.Debug|Any CPU.Build.0 = Debug|Any CPU
		{AC83A8FD-C4D4-450C-A326-63389D7D6378}.Release|Any CPU.ActiveCfg = Release|Any CPU
		{AC83A8FD-C4D4-450C-A326-63389D7D6378}.Release|Any CPU.Build.0 = Release|Any CPU
		{4C916CE2-11C9-43B2-88F2-D0E69AAFBCFC}.Debug|Any CPU.ActiveCfg = Debug|Any CPU
		{4C916CE2-11C9-43B2-88F2-D0E69AAFBCFC}.Debug|Any CPU.Build.0 = Debug|Any CPU
		{4C916CE2-11C9-43B2-88F2-D0E69AAFBCFC}.Release|Any CPU.ActiveCfg = Release|Any CPU
		{4C916CE2-11C9-43B2-88F2-D0E69AAFBCFC}.Release|Any CPU.Build.0 = Release|Any CPU
		{519241F9-0D8B-44AE-AC87-C595860F85CA}.Debug|Any CPU.ActiveCfg = Debug|Any CPU
		{519241F9-0D8B-44AE-AC87-C595860F85CA}.Debug|Any CPU.Build.0 = Debug|Any CPU
		{519241F9-0D8B-44AE-AC87-C595860F85CA}.Release|Any CPU.ActiveCfg = Release|Any CPU
		{519241F9-0D8B-44AE-AC87-C595860F85CA}.Release|Any CPU.Build.0 = Release|Any CPU
		{E4351110-64FC-4447-9370-2D967C5C77D3}.Debug|Any CPU.ActiveCfg = Debug|Any CPU
		{E4351110-64FC-4447-9370-2D967C5C77D3}.Debug|Any CPU.Build.0 = Debug|Any CPU
		{E4351110-64FC-4447-9370-2D967C5C77D3}.Release|Any CPU.ActiveCfg = Release|Any CPU
		{E4351110-64FC-4447-9370-2D967C5C77D3}.Release|Any CPU.Build.0 = Release|Any CPU
	EndGlobalSection
	GlobalSection(SolutionProperties) = preSolution
		HideSolutionNode = FALSE
	EndGlobalSection
EndGlobal
